
Microsoft Visual Studio Solution File, Format Version 12.00
# Visual Studio Version 16
VisualStudioVersion = 16.0.31624.102
MinimumVisualStudioVersion = 10.0.40219.1
Project("{8BC9CEB8-8B4A-11D0-8D11-00A0C91BC942}") = "Network", "Network.vcxproj", "{819E1CC8-B6E9-472E-A653-90056803488C}"
EndProject
Global
	GlobalSection(SolutionConfigurationPlatforms) = preSolution
		Debug|x64 = Debug|x64
		Debug|x86 = Debug|x86
		Release|x64 = Release|x64
		Release|x86 = Release|x86
	EndGlobalSection
	GlobalSection(ProjectConfigurationPlatforms) = postSolution
		{819E1CC8-B6E9-472E-A653-90056803488C}.Debug|x64.ActiveCfg = Debug|x64
		{819E1CC8-B6E9-472E-A653-90056803488C}.Debug|x64.Build.0 = Debug|x64
		{819E1CC8-B6E9-472E-A653-90056803488C}.Debug|x86.ActiveCfg = Debug|Win32
		{819E1CC8-B6E9-472E-A653-90056803488C}.Debug|x86.Build.0 = Debug|Win32
		{819E1CC8-B6E9-472E-A653-90056803488C}.Release|x64.ActiveCfg = Release|x64
		{819E1CC8-B6E9-472E-A653-90056803488C}.Release|x64.Build.0 = Release|x64
		{819E1CC8-B6E9-472E-A653-90056803488C}.Release|x86.ActiveCfg = Release|Win32
		{819E1CC8-B6E9-472E-A653-90056803488C}.Release|x86.Build.0 = Release|Win32
	EndGlobalSection
	GlobalSection(SolutionProperties) = preSolution
		HideSolutionNode = FALSE
	EndGlobalSection
	GlobalSection(ExtensibilityGlobals) = postSolution
		SolutionGuid = {645FDC4A-7BB2-445F-A48C-003C2FE6F748}
	EndGlobalSection
EndGlobal
