<?xml version="1.0" encoding="utf-8"?>
<Project ToolsVersion="4.0" xmlns="http://schemas.microsoft.com/developer/msbuild/2003">
  <ItemGroup>
    <Filter Include="소스 파일">
      <UniqueIdentifier>{4FC737F1-C7A5-4376-A066-2A32D752A2FF}</UniqueIdentifier>
      <Extensions>cpp;c;cc;cxx;c++;cppm;ixx;def;odl;idl;hpj;bat;asm;asmx</Extensions>
    </Filter>
    <Filter Include="헤더 파일">
      <UniqueIdentifier>{93995380-89BD-4b04-88EB-625FBE52EBFB}</UniqueIdentifier>
      <Extensions>h;hh;hpp;hxx;h++;hm;inl;inc;ipp;xsd</Extensions>
    </Filter>
    <Filter Include="리소스 파일">
      <UniqueIdentifier>{67DA6AB6-F800-4c08-8B7A-83BB121AAD01}</UniqueIdentifier>
      <Extensions>rc;ico;cur;bmp;dlg;rc2;rct;bin;rgs;gif;jpg;jpeg;jpe;resx;tiff;tif;png;wav;mfcribbon-ms</Extensions>
    </Filter>
    <Filter Include="소스 파일\Network">
      <UniqueIdentifier>{57905a1a-5bd9-4c51-8684-68c9e734add6}</UniqueIdentifier>
    </Filter>
    <Filter Include="헤더 파일\Network">
      <UniqueIdentifier>{90eb6b56-d9f3-47d7-b2c3-556a01798027}</UniqueIdentifier>
    </Filter>
    <Filter Include="소스 파일\D2D">
      <UniqueIdentifier>{5839c18f-1a5f-4b23-87e3-fd41e1c4b5c3}</UniqueIdentifier>
    </Filter>
    <Filter Include="헤더 파일\D2D">
      <UniqueIdentifier>{75bc32dc-f115-4737-a634-598cb93ae340}</UniqueIdentifier>
    </Filter>
  </ItemGroup>
  <ItemGroup>
    <ClCompile Include="NetClient.cpp">
      <Filter>소스 파일\Network</Filter>
    </ClCompile>
    <ClCompile Include="D2DApp.cpp">
      <Filter>소스 파일\D2D</Filter>
    </ClCompile>
    <ClCompile Include="GameObject.cpp">
      <Filter>소스 파일\D2D</Filter>
    </ClCompile>
    <ClCompile Include="Graphics.cpp">
      <Filter>소스 파일\D2D</Filter>
    </ClCompile>
    <ClCompile Include="main.cpp">
      <Filter>소스 파일\D2D</Filter>
    </ClCompile>
    <ClCompile Include="Shape.cpp">
      <Filter>소스 파일\D2D</Filter>
    </ClCompile>
    <ClCompile Include="stdafx.cpp">
      <Filter>소스 파일\D2D</Filter>
    </ClCompile>
    <ClCompile Include="Timer.cpp">
      <Filter>소스 파일\D2D</Filter>
    </ClCompile>
    <ClCompile Include="queryWindow.cpp">
      <Filter>소스 파일\Network</Filter>
    </ClCompile>
    <ClCompile Include="BitmapLoader.cpp">
      <Filter>소스 파일\D2D</Filter>
    </ClCompile>
  </ItemGroup>
  <ItemGroup>
    <ClInclude Include="NetClient.h">
      <Filter>헤더 파일\Network</Filter>
    </ClInclude>
    <ClInclude Include="NetCommon.h">
      <Filter>헤더 파일\Network</Filter>
    </ClInclude>
    <ClInclude Include="D2DApp.h">
      <Filter>헤더 파일\D2D</Filter>
    </ClInclude>
    <ClInclude Include="GameObject.h">
      <Filter>헤더 파일\D2D</Filter>
    </ClInclude>
    <ClInclude Include="Graphics.h">
      <Filter>헤더 파일\D2D</Filter>
    </ClInclude>
    <ClInclude Include="Shape.h">
      <Filter>헤더 파일\D2D</Filter>
    </ClInclude>
    <ClInclude Include="stdafx.h">
      <Filter>헤더 파일\D2D</Filter>
    </ClInclude>
    <ClInclude Include="Timer.h">
      <Filter>헤더 파일\D2D</Filter>
    </ClInclude>
    <ClInclude Include="Window.h">
      <Filter>헤더 파일\D2D</Filter>
    </ClInclude>
    <ClInclude Include="queryWindow.h">
      <Filter>헤더 파일\Network</Filter>
    </ClInclude>
    <ClInclude Include="BitmapLoader.h">
      <Filter>헤더 파일\D2D</Filter>
    </ClInclude>
  </ItemGroup>
</Project>